// !$*UTF8*$!
{
	archiveVersion = 1;
	classes = {
	};
	objectVersion = 56;
	objects = {

/* Begin PBXBuildFile section */
		EA0322A22BAA913E0083F426 /* AboutPanelCommand.swift in Sources */ = {isa = PBXBuildFile; fileRef = EA0322A12BAA913E0083F426 /* AboutPanelCommand.swift */; };
		EA71A8082BCD3B3E00BD58EA /* EmulatorCore.swift in Sources */ = {isa = PBXBuildFile; fileRef = EA71A8072BCD3B3E00BD58EA /* EmulatorCore.swift */; };
		EA71A80A2BCD3B5200BD58EA /* Z80.swift in Sources */ = {isa = PBXBuildFile; fileRef = EA71A8092BCD3B5200BD58EA /* Z80.swift */; };
		EA71A81A2BD4AF6100BD58EA /* charrom.bin in Resources */ = {isa = PBXBuildFile; fileRef = EA71A8182BD4AF6100BD58EA /* charrom.bin */; };
		EA71A81B2BD4AF6100BD58EA /* basic_5.22e.rom in Resources */ = {isa = PBXBuildFile; fileRef = EA71A8192BD4AF6100BD58EA /* basic_5.22e.rom */; };
		EAC46BEB2BAA8DCC00F2783A /* SwarmEmuApp.swift in Sources */ = {isa = PBXBuildFile; fileRef = EAC46BEA2BAA8DCC00F2783A /* SwarmEmuApp.swift */; };
		EAC46BED2BAA8DCC00F2783A /* ContentView.swift in Sources */ = {isa = PBXBuildFile; fileRef = EAC46BEC2BAA8DCC00F2783A /* ContentView.swift */; };
		EAC46BEF2BAA8DCD00F2783A /* Assets.xcassets in Resources */ = {isa = PBXBuildFile; fileRef = EAC46BEE2BAA8DCD00F2783A /* Assets.xcassets */; };
		EAC46BF22BAA8DCD00F2783A /* Preview Assets.xcassets in Resources */ = {isa = PBXBuildFile; fileRef = EAC46BF12BAA8DCD00F2783A /* Preview Assets.xcassets */; };
		EAC77AF92BCAA26900ECEE7E /* CRTC.swift in Sources */ = {isa = PBXBuildFile; fileRef = EAC77AF82BCAA26900ECEE7E /* CRTC.swift */; };
/* End PBXBuildFile section */

/* Begin PBXFileReference section */
		EA0322A12BAA913E0083F426 /* AboutPanelCommand.swift */ = {isa = PBXFileReference; fileEncoding = 4; lastKnownFileType = sourcecode.swift; path = AboutPanelCommand.swift; sourceTree = "<group>"; };
		EA71A8072BCD3B3E00BD58EA /* EmulatorCore.swift */ = {isa = PBXFileReference; fileEncoding = 4; lastKnownFileType = sourcecode.swift; path = EmulatorCore.swift; sourceTree = "<group>"; };
		EA71A8092BCD3B5200BD58EA /* Z80.swift */ = {isa = PBXFileReference; fileEncoding = 4; lastKnownFileType = sourcecode.swift; path = Z80.swift; sourceTree = "<group>"; };
		EA71A8182BD4AF6100BD58EA /* charrom.bin */ = {isa = PBXFileReference; lastKnownFileType = archive.macbinary; path = charrom.bin; sourceTree = "<group>"; };
		EA71A8192BD4AF6100BD58EA /* basic_5.22e.rom */ = {isa = PBXFileReference; lastKnownFileType = file; path = basic_5.22e.rom; sourceTree = "<group>"; };
		EAC46BE72BAA8DCC00F2783A /* SwarmEmu.app */ = {isa = PBXFileReference; explicitFileType = wrapper.application; includeInIndex = 0; path = SwarmEmu.app; sourceTree = BUILT_PRODUCTS_DIR; };
		EAC46BEA2BAA8DCC00F2783A /* SwarmEmuApp.swift */ = {isa = PBXFileReference; lastKnownFileType = sourcecode.swift; path = SwarmEmuApp.swift; sourceTree = "<group>"; };
		EAC46BEC2BAA8DCC00F2783A /* ContentView.swift */ = {isa = PBXFileReference; lastKnownFileType = sourcecode.swift; path = ContentView.swift; sourceTree = "<group>"; };
		EAC46BEE2BAA8DCD00F2783A /* Assets.xcassets */ = {isa = PBXFileReference; lastKnownFileType = folder.assetcatalog; path = Assets.xcassets; sourceTree = "<group>"; };
		EAC46BF12BAA8DCD00F2783A /* Preview Assets.xcassets */ = {isa = PBXFileReference; lastKnownFileType = folder.assetcatalog; path = "Preview Assets.xcassets"; sourceTree = "<group>"; };
		EAC46BF32BAA8DCD00F2783A /* SwarmEmu.entitlements */ = {isa = PBXFileReference; lastKnownFileType = text.plist.entitlements; path = SwarmEmu.entitlements; sourceTree = "<group>"; };
		EAC77AF82BCAA26900ECEE7E /* CRTC.swift */ = {isa = PBXFileReference; fileEncoding = 4; lastKnownFileType = sourcecode.swift; path = CRTC.swift; sourceTree = "<group>"; };
/* End PBXFileReference section */

/* Begin PBXFrameworksBuildPhase section */
		EAC46BE42BAA8DCC00F2783A /* Frameworks */ = {
			isa = PBXFrameworksBuildPhase;
			buildActionMask = 2147483647;
			files = (
			);
			runOnlyForDeploymentPostprocessing = 0;
		};
/* End PBXFrameworksBuildPhase section */

/* Begin PBXGroup section */
		EA71A80D2BCD3B5A00BD58EA /* Roms */ = {
			isa = PBXGroup;
			children = (
				EA71A8192BD4AF6100BD58EA /* basic_5.22e.rom */,
				EA71A8182BD4AF6100BD58EA /* charrom.bin */,
			);
			name = Roms;
			path = ../../../../../Downloads/SwarmEmu/SwarmEmu/Roms;
			sourceTree = "<group>";
		};
		EAC46BDE2BAA8DCC00F2783A = {
			isa = PBXGroup;
			children = (
				EAC46BE92BAA8DCC00F2783A /* SwarmEmu */,
				EAC46BE82BAA8DCC00F2783A /* Products */,
			);
			sourceTree = "<group>";
		};
		EAC46BE82BAA8DCC00F2783A /* Products */ = {
			isa = PBXGroup;
			children = (
				EAC46BE72BAA8DCC00F2783A /* SwarmEmu.app */,
			);
			name = Products;
			sourceTree = "<group>";
		};
		EAC46BE92BAA8DCC00F2783A /* SwarmEmu */ = {
			isa = PBXGroup;
			children = (
				EA71A80D2BCD3B5A00BD58EA /* Roms */,
				EA71A8092BCD3B5200BD58EA /* Z80.swift */,
				EA71A8072BCD3B3E00BD58EA /* EmulatorCore.swift */,
				EAC77AF82BCAA26900ECEE7E /* CRTC.swift */,
				EA0322A12BAA913E0083F426 /* AboutPanelCommand.swift */,
				EAC46BEA2BAA8DCC00F2783A /* SwarmEmuApp.swift */,
				EAC46BEC2BAA8DCC00F2783A /* ContentView.swift */,
				EAC46BEE2BAA8DCD00F2783A /* Assets.xcassets */,
				EAC46BF32BAA8DCD00F2783A /* SwarmEmu.entitlements */,
				EAC46BF02BAA8DCD00F2783A /* Preview Content */,
			);
			path = SwarmEmu;
			sourceTree = "<group>";
		};
		EAC46BF02BAA8DCD00F2783A /* Preview Content */ = {
			isa = PBXGroup;
			children = (
				EAC46BF12BAA8DCD00F2783A /* Preview Assets.xcassets */,
			);
			path = "Preview Content";
			sourceTree = "<group>";
		};
/* End PBXGroup section */

/* Begin PBXNativeTarget section */
		EAC46BE62BAA8DCC00F2783A /* SwarmEmu */ = {
			isa = PBXNativeTarget;
			buildConfigurationList = EAC46BF62BAA8DCD00F2783A /* Build configuration list for PBXNativeTarget "SwarmEmu" */;
			buildPhases = (
				EAC46BE32BAA8DCC00F2783A /* Sources */,
				EAC46BE42BAA8DCC00F2783A /* Frameworks */,
				EAC46BE52BAA8DCC00F2783A /* Resources */,
			);
			buildRules = (
			);
			dependencies = (
			);
			name = SwarmEmu;
			productName = SwarmEmu;
			productReference = EAC46BE72BAA8DCC00F2783A /* SwarmEmu.app */;
			productType = "com.apple.product-type.application";
		};
/* End PBXNativeTarget section */

/* Begin PBXProject section */
		EAC46BDF2BAA8DCC00F2783A /* Project object */ = {
			isa = PBXProject;
			attributes = {
				BuildIndependentTargetsInParallel = 1;
				LastSwiftUpdateCheck = 1530;
				LastUpgradeCheck = 1530;
				TargetAttributes = {
					EAC46BE62BAA8DCC00F2783A = {
						CreatedOnToolsVersion = 15.3;
					};
				};
			};
			buildConfigurationList = EAC46BE22BAA8DCC00F2783A /* Build configuration list for PBXProject "SwarmEmu" */;
			compatibilityVersion = "Xcode 14.0";
			developmentRegion = en;
			hasScannedForEncodings = 0;
			knownRegions = (
				en,
				Base,
			);
			mainGroup = EAC46BDE2BAA8DCC00F2783A;
			productRefGroup = EAC46BE82BAA8DCC00F2783A /* Products */;
			projectDirPath = "";
			projectRoot = "";
			targets = (
				EAC46BE62BAA8DCC00F2783A /* SwarmEmu */,
			);
		};
/* End PBXProject section */

/* Begin PBXResourcesBuildPhase section */
		EAC46BE52BAA8DCC00F2783A /* Resources */ = {
			isa = PBXResourcesBuildPhase;
			buildActionMask = 2147483647;
			files = (
				EA71A81B2BD4AF6100BD58EA /* basic_5.22e.rom in Resources */,
				EAC46BF22BAA8DCD00F2783A /* Preview Assets.xcassets in Resources */,
				EAC46BEF2BAA8DCD00F2783A /* Assets.xcassets in Resources */,
				EA71A81A2BD4AF6100BD58EA /* charrom.bin in Resources */,
			);
			runOnlyForDeploymentPostprocessing = 0;
		};
/* End PBXResourcesBuildPhase section */

/* Begin PBXSourcesBuildPhase section */
		EAC46BE32BAA8DCC00F2783A /* Sources */ = {
			isa = PBXSourcesBuildPhase;
			buildActionMask = 2147483647;
			files = (
				EAC46BED2BAA8DCC00F2783A /* ContentView.swift in Sources */,
				EA71A8082BCD3B3E00BD58EA /* EmulatorCore.swift in Sources */,
				EAC77AF92BCAA26900ECEE7E /* CRTC.swift in Sources */,
				EA0322A22BAA913E0083F426 /* AboutPanelCommand.swift in Sources */,
				EA71A80A2BCD3B5200BD58EA /* Z80.swift in Sources */,
				EAC46BEB2BAA8DCC00F2783A /* SwarmEmuApp.swift in Sources */,
			);
			runOnlyForDeploymentPostprocessing = 0;
		};
/* End PBXSourcesBuildPhase section */

/* Begin XCBuildConfiguration section */
		EAC46BF42BAA8DCD00F2783A /* Debug */ = {
			isa = XCBuildConfiguration;
			buildSettings = {
				ALWAYS_SEARCH_USER_PATHS = NO;
				ASSETCATALOG_COMPILER_GENERATE_SWIFT_ASSET_SYMBOL_EXTENSIONS = YES;
				CLANG_ANALYZER_NONNULL = YES;
				CLANG_ANALYZER_NUMBER_OBJECT_CONVERSION = YES_AGGRESSIVE;
				CLANG_CXX_LANGUAGE_STANDARD = "gnu++20";
				CLANG_ENABLE_MODULES = YES;
				CLANG_ENABLE_OBJC_ARC = YES;
				CLANG_ENABLE_OBJC_WEAK = YES;
				CLANG_WARN_BLOCK_CAPTURE_AUTORELEASING = YES;
				CLANG_WARN_BOOL_CONVERSION = YES;
				CLANG_WARN_COMMA = YES;
				CLANG_WARN_CONSTANT_CONVERSION = YES;
				CLANG_WARN_DEPRECATED_OBJC_IMPLEMENTATIONS = YES;
				CLANG_WARN_DIRECT_OBJC_ISA_USAGE = YES_ERROR;
				CLANG_WARN_DOCUMENTATION_COMMENTS = YES;
				CLANG_WARN_EMPTY_BODY = YES;
				CLANG_WARN_ENUM_CONVERSION = YES;
				CLANG_WARN_INFINITE_RECURSION = YES;
				CLANG_WARN_INT_CONVERSION = YES;
				CLANG_WARN_NON_LITERAL_NULL_CONVERSION = YES;
				CLANG_WARN_OBJC_IMPLICIT_RETAIN_SELF = YES;
				CLANG_WARN_OBJC_LITERAL_CONVERSION = YES;
				CLANG_WARN_OBJC_ROOT_CLASS = YES_ERROR;
				CLANG_WARN_QUOTED_INCLUDE_IN_FRAMEWORK_HEADER = YES;
				CLANG_WARN_RANGE_LOOP_ANALYSIS = YES;
				CLANG_WARN_STRICT_PROTOTYPES = YES;
				CLANG_WARN_SUSPICIOUS_MOVE = YES;
				CLANG_WARN_UNGUARDED_AVAILABILITY = YES_AGGRESSIVE;
				CLANG_WARN_UNREACHABLE_CODE = YES;
				CLANG_WARN__DUPLICATE_METHOD_MATCH = YES;
				COPY_PHASE_STRIP = NO;
				DEBUG_INFORMATION_FORMAT = dwarf;
				ENABLE_STRICT_OBJC_MSGSEND = YES;
				ENABLE_TESTABILITY = YES;
				ENABLE_USER_SCRIPT_SANDBOXING = YES;
				GCC_C_LANGUAGE_STANDARD = gnu17;
				GCC_DYNAMIC_NO_PIC = NO;
				GCC_NO_COMMON_BLOCKS = YES;
				GCC_OPTIMIZATION_LEVEL = 0;
				GCC_PREPROCESSOR_DEFINITIONS = (
					"DEBUG=1",
					"$(inherited)",
				);
				GCC_WARN_64_TO_32_BIT_CONVERSION = YES;
				GCC_WARN_ABOUT_RETURN_TYPE = YES_ERROR;
				GCC_WARN_UNDECLARED_SELECTOR = YES;
				GCC_WARN_UNINITIALIZED_AUTOS = YES_AGGRESSIVE;
				GCC_WARN_UNUSED_FUNCTION = YES;
				GCC_WARN_UNUSED_VARIABLE = YES;
				LOCALIZATION_PREFERS_STRING_CATALOGS = YES;
				MACOSX_DEPLOYMENT_TARGET = 14.3;
				MTL_ENABLE_DEBUG_INFO = INCLUDE_SOURCE;
				MTL_FAST_MATH = YES;
				ONLY_ACTIVE_ARCH = YES;
				SDKROOT = macosx;
				SWIFT_ACTIVE_COMPILATION_CONDITIONS = "DEBUG $(inherited)";
				SWIFT_OPTIMIZATION_LEVEL = "-Onone";
			};
			name = Debug;
		};
		EAC46BF52BAA8DCD00F2783A /* Release */ = {
			isa = XCBuildConfiguration;
			buildSettings = {
				ALWAYS_SEARCH_USER_PATHS = NO;
				ASSETCATALOG_COMPILER_GENERATE_SWIFT_ASSET_SYMBOL_EXTENSIONS = YES;
				CLANG_ANALYZER_NONNULL = YES;
				CLANG_ANALYZER_NUMBER_OBJECT_CONVERSION = YES_AGGRESSIVE;
				CLANG_CXX_LANGUAGE_STANDARD = "gnu++20";
				CLANG_ENABLE_MODULES = YES;
				CLANG_ENABLE_OBJC_ARC = YES;
				CLANG_ENABLE_OBJC_WEAK = YES;
				CLANG_WARN_BLOCK_CAPTURE_AUTORELEASING = YES;
				CLANG_WARN_BOOL_CONVERSION = YES;
				CLANG_WARN_COMMA = YES;
				CLANG_WARN_CONSTANT_CONVERSION = YES;
				CLANG_WARN_DEPRECATED_OBJC_IMPLEMENTATIONS = YES;
				CLANG_WARN_DIRECT_OBJC_ISA_USAGE = YES_ERROR;
				CLANG_WARN_DOCUMENTATION_COMMENTS = YES;
				CLANG_WARN_EMPTY_BODY = YES;
				CLANG_WARN_ENUM_CONVERSION = YES;
				CLANG_WARN_INFINITE_RECURSION = YES;
				CLANG_WARN_INT_CONVERSION = YES;
				CLANG_WARN_NON_LITERAL_NULL_CONVERSION = YES;
				CLANG_WARN_OBJC_IMPLICIT_RETAIN_SELF = YES;
				CLANG_WARN_OBJC_LITERAL_CONVERSION = YES;
				CLANG_WARN_OBJC_ROOT_CLASS = YES_ERROR;
				CLANG_WARN_QUOTED_INCLUDE_IN_FRAMEWORK_HEADER = YES;
				CLANG_WARN_RANGE_LOOP_ANALYSIS = YES;
				CLANG_WARN_STRICT_PROTOTYPES = YES;
				CLANG_WARN_SUSPICIOUS_MOVE = YES;
				CLANG_WARN_UNGUARDED_AVAILABILITY = YES_AGGRESSIVE;
				CLANG_WARN_UNREACHABLE_CODE = YES;
				CLANG_WARN__DUPLICATE_METHOD_MATCH = YES;
				COPY_PHASE_STRIP = NO;
				DEBUG_INFORMATION_FORMAT = "dwarf-with-dsym";
				ENABLE_NS_ASSERTIONS = NO;
				ENABLE_STRICT_OBJC_MSGSEND = YES;
				ENABLE_USER_SCRIPT_SANDBOXING = YES;
				GCC_C_LANGUAGE_STANDARD = gnu17;
				GCC_NO_COMMON_BLOCKS = YES;
				GCC_WARN_64_TO_32_BIT_CONVERSION = YES;
				GCC_WARN_ABOUT_RETURN_TYPE = YES_ERROR;
				GCC_WARN_UNDECLARED_SELECTOR = YES;
				GCC_WARN_UNINITIALIZED_AUTOS = YES_AGGRESSIVE;
				GCC_WARN_UNUSED_FUNCTION = YES;
				GCC_WARN_UNUSED_VARIABLE = YES;
				LOCALIZATION_PREFERS_STRING_CATALOGS = YES;
				MACOSX_DEPLOYMENT_TARGET = 14.3;
				MTL_ENABLE_DEBUG_INFO = NO;
				MTL_FAST_MATH = YES;
				SDKROOT = macosx;
				SWIFT_COMPILATION_MODE = wholemodule;
			};
			name = Release;
		};
		EAC46BF72BAA8DCD00F2783A /* Debug */ = {
			isa = XCBuildConfiguration;
			buildSettings = {
				ASSETCATALOG_COMPILER_APPICON_NAME = AppIcon;
				ASSETCATALOG_COMPILER_GLOBAL_ACCENT_COLOR_NAME = AccentColor;
				CODE_SIGN_ENTITLEMENTS = SwarmEmu/SwarmEmu.entitlements;
				CODE_SIGN_STYLE = Automatic;
				COMBINE_HIDPI_IMAGES = YES;
				CURRENT_PROJECT_VERSION = 1;
				DEVELOPMENT_ASSET_PATHS = "\"SwarmEmu/Preview Content\"";
				DEVELOPMENT_TEAM = 5VUXP3WKH8;
				ENABLE_HARDENED_RUNTIME = YES;
				ENABLE_PREVIEWS = YES;
				GENERATE_INFOPLIST_FILE = YES;
				INFOPLIST_KEY_NSHumanReadableCopyright = "Copyright © 2024 Tony Sanchez";
				LD_RUNPATH_SEARCH_PATHS = (
					"$(inherited)",
					"@executable_path/../Frameworks",
				);
				MACOSX_DEPLOYMENT_TARGET = 14.4;
				MARKETING_VERSION = 0.141;
				PRODUCT_BUNDLE_IDENTIFIER = com.fatherdougalmaguire.SwarmEmu;
				PRODUCT_NAME = "$(TARGET_NAME)";
				SWIFT_EMIT_LOC_STRINGS = YES;
				SWIFT_VERSION = 5.0;
			};
			name = Debug;
		};
		EAC46BF82BAA8DCD00F2783A /* Release */ = {
			isa = XCBuildConfiguration;
			buildSettings = {
				ASSETCATALOG_COMPILER_APPICON_NAME = AppIcon;
				ASSETCATALOG_COMPILER_GLOBAL_ACCENT_COLOR_NAME = AccentColor;
				CODE_SIGN_ENTITLEMENTS = SwarmEmu/SwarmEmu.entitlements;
				CODE_SIGN_STYLE = Automatic;
				COMBINE_HIDPI_IMAGES = YES;
				CURRENT_PROJECT_VERSION = 1;
				DEVELOPMENT_ASSET_PATHS = "\"SwarmEmu/Preview Content\"";
				DEVELOPMENT_TEAM = 5VUXP3WKH8;
				ENABLE_HARDENED_RUNTIME = YES;
				ENABLE_PREVIEWS = YES;
				GENERATE_INFOPLIST_FILE = YES;
				INFOPLIST_KEY_NSHumanReadableCopyright = "Copyright © 2024 Tony Sanchez";
				LD_RUNPATH_SEARCH_PATHS = (
					"$(inherited)",
					"@executable_path/../Frameworks",
				);
				MACOSX_DEPLOYMENT_TARGET = 14.4;
				MARKETING_VERSION = 0.141;
				PRODUCT_BUNDLE_IDENTIFIER = com.fatherdougalmaguire.SwarmEmu;
				PRODUCT_NAME = "$(TARGET_NAME)";
				SWIFT_EMIT_LOC_STRINGS = YES;
				SWIFT_VERSION = 5.0;
			};
			name = Release;
		};
/* End XCBuildConfiguration section */

/* Begin XCConfigurationList section */
		EAC46BE22BAA8DCC00F2783A /* Build configuration list for PBXProject "SwarmEmu" */ = {
			isa = XCConfigurationList;
			buildConfigurations = (
				EAC46BF42BAA8DCD00F2783A /* Debug */,
				EAC46BF52BAA8DCD00F2783A /* Release */,
			);
			defaultConfigurationIsVisible = 0;
			defaultConfigurationName = Release;
		};
		EAC46BF62BAA8DCD00F2783A /* Build configuration list for PBXNativeTarget "SwarmEmu" */ = {
			isa = XCConfigurationList;
			buildConfigurations = (
				EAC46BF72BAA8DCD00F2783A /* Debug */,
				EAC46BF82BAA8DCD00F2783A /* Release */,
			);
			defaultConfigurationIsVisible = 0;
			defaultConfigurationName = Release;
		};
/* End XCConfigurationList section */
	};
	rootObject = EAC46BDF2BAA8DCC00F2783A /* Project object */;
}
